
Microsoft Visual Studio Solution File, Format Version 12.00
# Visual Studio Version 17
VisualStudioVersion = 17.5.33414.496
MinimumVisualStudioVersion = 10.0.40219.1
Project("{9A19103F-16F7-4668-BE54-9A1E7A4F7556}") = "BB204_Nest_Web_App", "BB204_Nest_Web_App\BB204_Nest_Web_App.csproj", "{97CC84ED-0024-4621-9BA3-39A19F8378F0}"
EndProject
Global
	GlobalSection(SolutionConfigurationPlatforms) = preSolution
		Debug|Any CPU = Debug|Any CPU
		Release|Any CPU = Release|Any CPU
	EndGlobalSection
	GlobalSection(ProjectConfigurationPlatforms) = postSolution
		{97CC84ED-0024-4621-9BA3-39A19F8378F0}.Debug|Any CPU.ActiveCfg = Debug|Any CPU
		{97CC84ED-0024-4621-9BA3-39A19F8378F0}.Debug|Any CPU.Build.0 = Debug|Any CPU
		{97CC84ED-0024-4621-9BA3-39A19F8378F0}.Release|Any CPU.ActiveCfg = Release|Any CPU
		{97CC84ED-0024-4621-9BA3-39A19F8378F0}.Release|Any CPU.Build.0 = Release|Any CPU
	EndGlobalSection
	GlobalSection(SolutionProperties) = preSolution
		HideSolutionNode = FALSE
	EndGlobalSection
	GlobalSection(ExtensibilityGlobals) = postSolution
		SolutionGuid = {09263AC4-B54B-4027-B3DF-B9EE94BB8D4D}
	EndGlobalSection
EndGlobal
